// !$*UTF8*$!
{
	archiveVersion = 1;
	classes = {
	};
	objectVersion = 46;
	objects = {

/* Begin PBXBuildFile section */
		A008BB88F497627041CE9D6B /* UIKit.framework in Frameworks */ = {isa = PBXBuildFile; fileRef = A008BB88F497627041CE9D6A /* UIKit.framework */; };
		A008BB88F497627041CE9D6D /* Foundation.framework in Frameworks */ = {isa = PBXBuildFile; fileRef = A008BB88F497627041CE9D6C /* Foundation.framework */; };
		A008BB88F497627041CE9D6F /* CoreGraphics.framework in Frameworks */ = {isa = PBXBuildFile; fileRef = A008BB88F497627041CE9D6E /* CoreGraphics.framework */; };
		A008BB88F497627041CE9D75 /* InfoPlist.strings in Resources */ = {isa = PBXBuildFile; fileRef = A008BB88F497627041CE9D74 /* InfoPlist.strings */; };
		A008BB88F497627041CE9D77 /* main.m in Sources */ = {isa = PBXBuildFile; fileRef = A008BB88F497627041CE9D76 /* main.m */; };
		A008BB88F497627041CE9D7B /* AppDelegate.m in Sources */ = {isa = PBXBuildFile; fileRef = A008BB88F497627041CE9D7A /* AppDelegate.m */; };
		FD5B038A15A572430027C377 /* ViewController1.m in Sources */ = {isa = PBXBuildFile; fileRef = FD5B038915A572430027C377 /* ViewController1.m */; };
		FD5B038A15A572430027C37A /* ViewController2.m in Sources */ = {isa = PBXBuildFile; fileRef = FD5B038A15A572430027C379 /* ViewController2.m */; };
		FD5B038A15A572430027C380 /* TopMenuController.m in Sources */ = {isa = PBXBuildFile; fileRef = FD5B038A15A572430027C37F /* TopMenuController.m */; };
		FD5B038A15A572430027C383 /* TopPageViewController.m in Sources */ = {isa = PBXBuildFile; fileRef = FD5B038A15A572430027C382 /* TopPageViewController.m */; };
		FD5B038A15A572430027C39E /* LoginNormal.png in Resources */ = {isa = PBXBuildFile; fileRef = FD5B038A15A572430027C39D /* LoginNormal.png */; };
		FD5B038A15A572430027C3A0 /* LoginNormal@2x.png in Resources */ = {isa = PBXBuildFile; fileRef = FD5B038A15A572430027C39F /* LoginNormal@2x.png */; };
		FD5B038A15A572430027C3A2 /* LoginPressed.png in Resources */ = {isa = PBXBuildFile; fileRef = FD5B038A15A572430027C3A1 /* LoginPressed.png */; };
		FD5B038A15A572430027C3A4 /* LoginPressed@2x.png in Resources */ = {isa = PBXBuildFile; fileRef = FD5B038A15A572430027C3A3 /* LoginPressed@2x.png */; };
		FD5B038A15A572430027C3A6 /* LoginWithFacebookNormal.png in Resources */ = {isa = PBXBuildFile; fileRef = FD5B038A15A572430027C3A5 /* LoginWithFacebookNormal.png */; };
		FD5B038A15A572430027C3A8 /* LoginWithFacebookNormal@2x.png in Resources */ = {isa = PBXBuildFile; fileRef = FD5B038A15A572430027C3A7 /* LoginWithFacebookNormal@2x.png */; };
		FD5B038A15A572430027C3AA /* LoginWithFacebookPressed.png in Resources */ = {isa = PBXBuildFile; fileRef = FD5B038A15A572430027C3A9 /* LoginWithFacebookPressed.png */; };
		FD5B038A15A572430027C3AC /* LoginWithFacebookPressed@2x.png in Resources */ = {isa = PBXBuildFile; fileRef = FD5B038A15A572430027C3AB /* LoginWithFacebookPressed@2x.png */; };
		FD5B038A15A572430027C3AE /* LogoutNormal.png in Resources */ = {isa = PBXBuildFile; fileRef = FD5B038A15A572430027C3AD /* LogoutNormal.png */; };
		FD5B038A15A572430027C3B0 /* LogoutNormal@2x.png in Resources */ = {isa = PBXBuildFile; fileRef = FD5B038A15A572430027C3AF /* LogoutNormal@2x.png */; };
		FD5B038A15A572430027C3B2 /* LogoutPressed.png in Resources */ = {isa = PBXBuildFile; fileRef = FD5B038A15A572430027C3B1 /* LogoutPressed.png */; };
		FD5B038A15A572430027C3B4 /* LogoutPressed@2x.png in Resources */ = {isa = PBXBuildFile; fileRef = FD5B038A15A572430027C3B3 /* LogoutPressed@2x.png */; };
		FD5B038A15A572430027C3B6 /* runaround_image.jpg in Resources */ = {isa = PBXBuildFile; fileRef = FD5B038A15A572430027C3B5 /* runaround_image.jpg */; };
		FD5B038A15A572430027C3D5 /* close.png in Resources */ = {isa = PBXBuildFile; fileRef = FD5B038A15A572430027C3D4 /* close.png */; };
		FD5B038A15A572430027C3D7 /* close@2x.png in Resources */ = {isa = PBXBuildFile; fileRef = FD5B038A15A572430027C3D6 /* close@2x.png */; };
		FD5B038A15A572430027C3D9 /* fbicon.png in Resources */ = {isa = PBXBuildFile; fileRef = FD5B038A15A572430027C3D8 /* fbicon.png */; };
		FD5B038A15A572430027C3E0 /* libfacebook_ios_sdk.a in Frameworks */ = {isa = PBXBuildFile; fileRef = FD5B038A15A572430027C3DF /* libfacebook_ios_sdk.a */; };
/* End PBXBuildFile section */

/* Begin PBXFileReference section */
		A008BB88F497627041CE9D61 /* Unit3.1.app */ = {isa = PBXFileReference; explicitFileType = wrapper.application; includeInIndex = 0; path = Unit3.1.app; sourceTree = BUILT_PRODUCTS_DIR; };
		A008BB88F497627041CE9D6A /* UIKit.framework */ = {isa = PBXFileReference; lastKnownFileType = wrapper.framework; name = UIKit.framework; path = System/Library/Frameworks/UIKit.framework; sourceTree = SDKROOT; };
		A008BB88F497627041CE9D6C /* Foundation.framework */ = {isa = PBXFileReference; lastKnownFileType = wrapper.framework; name = Foundation.framework; path = System/Library/Frameworks/Foundation.framework; sourceTree = SDKROOT; };
		A008BB88F497627041CE9D6E /* CoreGraphics.framework */ = {isa = PBXFileReference; lastKnownFileType = wrapper.framework; name = CoreGraphics.framework; path = System/Library/Frameworks/CoreGraphics.framework; sourceTree = SDKROOT; };
		A008BB88F497627041CE9D72 /* Unit3.1-Info.plist */ = {isa = PBXFileReference; lastKnownFileType = text.plist.info; path = "Unit3.1-Info.plist"; sourceTree = "<group>"; };
		A008BB88F497627041CE9D73 /* en */ = {isa = PBXFileReference; lastKnownFileType = text.plist.strings; name = en; path = en.lproj/InfoPlist.strings; sourceTree = "<group>"; };
		A008BB88F497627041CE9D76 /* main.m */ = {isa = PBXFileReference; lastKnownFileType = sourcecode.c.objc; path = main.m; sourceTree = "<group>"; };
		A008BB88F497627041CE9D78 /* Unit3.1-Prefix.pch */ = {isa = PBXFileReference; lastKnownFileType = sourcecode.c.h; path = "Unit3.1-Prefix.pch"; sourceTree = "<group>"; };
		A008BB88F497627041CE9D79 /* AppDelegate.h */ = {isa = PBXFileReference; lastKnownFileType = sourcecode.c.h; path = AppDelegate.h; sourceTree = "<group>"; };
		A008BB88F497627041CE9D7A /* AppDelegate.m */ = {isa = PBXFileReference; lastKnownFileType = sourcecode.c.objc; path = AppDelegate.m; sourceTree = "<group>"; };
		FD5B038815A572430027C377 /* ViewController1.h */ = {isa = PBXFileReference; fileEncoding = 4; lastKnownFileType = sourcecode.c.h; path = ViewController1.h; sourceTree = "<group>"; };
		FD5B038915A572430027C377 /* ViewController1.m */ = {isa = PBXFileReference; fileEncoding = 4; lastKnownFileType = sourcecode.c.objc; path = ViewController1.m; sourceTree = "<group>"; };
		FD5B038A15A572430027C378 /* ViewController2.h */ = {isa = PBXFileReference; fileEncoding = 4; lastKnownFileType = sourcecode.c.h; path = ViewController2.h; sourceTree = "<group>"; };
		FD5B038A15A572430027C379 /* ViewController2.m */ = {isa = PBXFileReference; fileEncoding = 4; lastKnownFileType = sourcecode.c.objc; path = ViewController2.m; sourceTree = "<group>"; };
		FD5B038A15A572430027C37E /* TopMenuController.h */ = {isa = PBXFileReference; fileEncoding = 4; lastKnownFileType = sourcecode.c.h; path = TopMenuController.h; sourceTree = "<group>"; };
		FD5B038A15A572430027C37F /* TopMenuController.m */ = {isa = PBXFileReference; fileEncoding = 4; lastKnownFileType = sourcecode.c.objc; path = TopMenuController.m; sourceTree = "<group>"; };
		FD5B038A15A572430027C381 /* TopPageViewController.h */ = {isa = PBXFileReference; fileEncoding = 4; lastKnownFileType = sourcecode.c.h; path = TopPageViewController.h; sourceTree = "<group>"; };
		FD5B038A15A572430027C382 /* TopPageViewController.m */ = {isa = PBXFileReference; fileEncoding = 4; lastKnownFileType = sourcecode.c.objc; path = TopPageViewController.m; sourceTree = "<group>"; };
		FD5B038A15A572430027C39D /* LoginNormal.png */ = {isa = PBXFileReference; lastKnownFileType = image.png; path = LoginNormal.png; sourceTree = "<group>"; };
		FD5B038A15A572430027C39F /* LoginNormal@2x.png */ = {isa = PBXFileReference; lastKnownFileType = image.png; path = "LoginNormal@2x.png"; sourceTree = "<group>"; };
		FD5B038A15A572430027C3A1 /* LoginPressed.png */ = {isa = PBXFileReference; lastKnownFileType = image.png; path = LoginPressed.png; sourceTree = "<group>"; };
		FD5B038A15A572430027C3A3 /* LoginPressed@2x.png */ = {isa = PBXFileReference; lastKnownFileType = image.png; path = "LoginPressed@2x.png"; sourceTree = "<group>"; };
		FD5B038A15A572430027C3A5 /* LoginWithFacebookNormal.png */ = {isa = PBXFileReference; lastKnownFileType = image.png; path = LoginWithFacebookNormal.png; sourceTree = "<group>"; };
		FD5B038A15A572430027C3A7 /* LoginWithFacebookNormal@2x.png */ = {isa = PBXFileReference; lastKnownFileType = image.png; path = "LoginWithFacebookNormal@2x.png"; sourceTree = "<group>"; };
		FD5B038A15A572430027C3A9 /* LoginWithFacebookPressed.png */ = {isa = PBXFileReference; lastKnownFileType = image.png; path = LoginWithFacebookPressed.png; sourceTree = "<group>"; };
		FD5B038A15A572430027C3AB /* LoginWithFacebookPressed@2x.png */ = {isa = PBXFileReference; lastKnownFileType = image.png; path = "LoginWithFacebookPressed@2x.png"; sourceTree = "<group>"; };
		FD5B038A15A572430027C3AD /* LogoutNormal.png */ = {isa = PBXFileReference; lastKnownFileType = image.png; path = LogoutNormal.png; sourceTree = "<group>"; };
		FD5B038A15A572430027C3AF /* LogoutNormal@2x.png */ = {isa = PBXFileReference; lastKnownFileType = image.png; path = "LogoutNormal@2x.png"; sourceTree = "<group>"; };
		FD5B038A15A572430027C3B1 /* LogoutPressed.png */ = {isa = PBXFileReference; lastKnownFileType = image.png; path = LogoutPressed.png; sourceTree = "<group>"; };
		FD5B038A15A572430027C3B3 /* LogoutPressed@2x.png */ = {isa = PBXFileReference; lastKnownFileType = image.png; path = "LogoutPressed@2x.png"; sourceTree = "<group>"; };
		FD5B038A15A572430027C3B5 /* runaround_image.jpg */ = {isa = PBXFileReference; lastKnownFileType = image.jpeg; path = runaround_image.jpg; sourceTree = "<group>"; };
		FD5B038A15A572430027C3D0 /* Facebook.h */ = {isa = PBXFileReference; fileEncoding = 4; lastKnownFileType = sourcecode.c.h; path = Facebook.h; sourceTree = "<group>"; };
		FD5B038A15A572430027C3D1 /* FBConnect.h */ = {isa = PBXFileReference; fileEncoding = 4; lastKnownFileType = sourcecode.c.h; path = FBConnect.h; sourceTree = "<group>"; };
		FD5B038A15A572430027C3D4 /* close.png */ = {isa = PBXFileReference; lastKnownFileType = image.png; path = close.png; sourceTree = "<group>"; };
		FD5B038A15A572430027C3D6 /* close@2x.png */ = {isa = PBXFileReference; lastKnownFileType = image.png; path = "close@2x.png"; sourceTree = "<group>"; };
		FD5B038A15A572430027C3D8 /* fbicon.png */ = {isa = PBXFileReference; lastKnownFileType = image.png; path = fbicon.png; sourceTree = "<group>"; };
		FD5B038A15A572430027C3DA /* FBDialog.h */ = {isa = PBXFileReference; fileEncoding = 4; lastKnownFileType = sourcecode.c.h; path = FBDialog.h; sourceTree = "<group>"; };
		FD5B038A15A572430027C3DB /* FBFrictionlessRequestSettings.h */ = {isa = PBXFileReference; fileEncoding = 4; lastKnownFileType = sourcecode.c.h; path = FBFrictionlessRequestSettings.h; sourceTree = "<group>"; };
		FD5B038A15A572430027C3DC /* FBLoginDialog.h */ = {isa = PBXFileReference; fileEncoding = 4; lastKnownFileType = sourcecode.c.h; path = FBLoginDialog.h; sourceTree = "<group>"; };
		FD5B038A15A572430027C3DD /* FBRequest.h */ = {isa = PBXFileReference; fileEncoding = 4; lastKnownFileType = sourcecode.c.h; path = FBRequest.h; sourceTree = "<group>"; };
		FD5B038A15A572430027C3DE /* JSON.h */ = {isa = PBXFileReference; fileEncoding = 4; lastKnownFileType = sourcecode.c.h; path = JSON.h; sourceTree = "<group>"; };
		FD5B038A15A572430027C3DF /* libfacebook_ios_sdk.a */ = {isa = PBXFileReference; lastKnownFileType = archive.ar; path = libfacebook_ios_sdk.a; sourceTree = "<group>"; };
		FD5B038A15A572430027C3E1 /* NSObject+SBJSON.h */ = {isa = PBXFileReference; fileEncoding = 4; lastKnownFileType = sourcecode.c.h; path = "NSObject+SBJSON.h"; sourceTree = "<group>"; };
		FD5B038A15A572430027C3E2 /* NSString+SBJSON.h */ = {isa = PBXFileReference; fileEncoding = 4; lastKnownFileType = sourcecode.c.h; path = "NSString+SBJSON.h"; sourceTree = "<group>"; };
		FD5B038A15A572430027C3E3 /* SBJSON.h */ = {isa = PBXFileReference; fileEncoding = 4; lastKnownFileType = sourcecode.c.h; path = SBJSON.h; sourceTree = "<group>"; };
		FD5B038A15A572430027C3E4 /* SBJsonBase.h */ = {isa = PBXFileReference; fileEncoding = 4; lastKnownFileType = sourcecode.c.h; path = SBJsonBase.h; sourceTree = "<group>"; };
		FD5B038A15A572430027C3E5 /* SBJsonParser.h */ = {isa = PBXFileReference; fileEncoding = 4; lastKnownFileType = sourcecode.c.h; path = SBJsonParser.h; sourceTree = "<group>"; };
		FD5B038A15A572430027C3E6 /* SBJsonWriter.h */ = {isa = PBXFileReference; fileEncoding = 4; lastKnownFileType = sourcecode.c.h; path = SBJsonWriter.h; sourceTree = "<group>"; };
/* End PBXFileReference section */

/* Begin PBXFrameworksBuildPhase section */
		A008BB88F497627041CE9D67 /* Frameworks */ = {
			isa = PBXFrameworksBuildPhase;
			buildActionMask = 2147483647;
			files = (
				A008BB88F497627041CE9D6B /* UIKit.framework in Frameworks */,
				A008BB88F497627041CE9D6D /* Foundation.framework in Frameworks */,
				A008BB88F497627041CE9D6F /* CoreGraphics.framework in Frameworks */,
				FD5B038A15A572430027C3E0 /* libfacebook_ios_sdk.a in Frameworks */,
			);
			runOnlyForDeploymentPostprocessing = 0;
		};
/* End PBXFrameworksBuildPhase section */

/* Begin PBXGroup section */
		A008BB88F497627041CE9D5D = {
			isa = PBXGroup;
			children = (
				A008BB88F497627041CE9D5E /* Products */,
				A008BB88F497627041CE9D69 /* Frameworks */,
				A008BB88F497627041CE9D70 /* Unit3.1 */,
				FD5B038A15A572430027C39C /* images */,
				FD5B038A15A572430027C3CF /* facebook-ios-sdk */,
			);
			sourceTree = "<group>";
		};
		A008BB88F497627041CE9D5E /* Products */ = {
			isa = PBXGroup;
			children = (
				A008BB88F497627041CE9D61 /* Unit3.1.app */,
			);
			name = Products;
			sourceTree = "<group>";
		};
		A008BB88F497627041CE9D69 /* Frameworks */ = {
			isa = PBXGroup;
			children = (
				A008BB88F497627041CE9D6E /* CoreGraphics.framework */,
				A008BB88F497627041CE9D6C /* Foundation.framework */,
				A008BB88F497627041CE9D6A /* UIKit.framework */,
			);
			name = Frameworks;
			sourceTree = "<group>";
		};
		A008BB88F497627041CE9D70 /* Unit3.1 */ = {
			isa = PBXGroup;
			children = (
				FD5B038A15A572430027C382 /* TopPageViewController.m */,
				FD5B038A15A572430027C381 /* TopPageViewController.h */,
				FD5B038A15A572430027C37F /* TopMenuController.m */,
				FD5B038A15A572430027C37E /* TopMenuController.h */,
				FD5B038A15A572430027C379 /* ViewController2.m */,
				FD5B038A15A572430027C378 /* ViewController2.h */,
				A008BB88F497627041CE9D7A /* AppDelegate.m */,
				A008BB88F497627041CE9D79 /* AppDelegate.h */,
				A008BB88F497627041CE9D71 /* Supporting Files */,
				FD5B038815A572430027C377 /* ViewController1.h */,
				FD5B038915A572430027C377 /* ViewController1.m */,
			);
			path = Unit3.1;
			sourceTree = "<group>";
		};
		A008BB88F497627041CE9D71 /* Supporting Files */ = {
			isa = PBXGroup;
			children = (
				A008BB88F497627041CE9D78 /* Unit3.1-Prefix.pch */,
				A008BB88F497627041CE9D76 /* main.m */,
				A008BB88F497627041CE9D74 /* InfoPlist.strings */,
				A008BB88F497627041CE9D72 /* Unit3.1-Info.plist */,
			);
			name = "Supporting Files";
			sourceTree = "<group>";
		};
		FD5B038A15A572430027C39C /* images */ = {
			isa = PBXGroup;
			children = (
				FD5B038A15A572430027C3B5 /* runaround_image.jpg */,
				FD5B038A15A572430027C3B3 /* LogoutPressed@2x.png */,
				FD5B038A15A572430027C3B1 /* LogoutPressed.png */,
				FD5B038A15A572430027C3AF /* LogoutNormal@2x.png */,
				FD5B038A15A572430027C3AD /* LogoutNormal.png */,
				FD5B038A15A572430027C3AB /* LoginWithFacebookPressed@2x.png */,
				FD5B038A15A572430027C3A9 /* LoginWithFacebookPressed.png */,
				FD5B038A15A572430027C3A7 /* LoginWithFacebookNormal@2x.png */,
				FD5B038A15A572430027C3A5 /* LoginWithFacebookNormal.png */,
				FD5B038A15A572430027C3A3 /* LoginPressed@2x.png */,
				FD5B038A15A572430027C3A1 /* LoginPressed.png */,
				FD5B038A15A572430027C39F /* LoginNormal@2x.png */,
				FD5B038A15A572430027C39D /* LoginNormal.png */,
			);
			path = images;
			sourceTree = "<group>";
		};
		FD5B038A15A572430027C3CF /* facebook-ios-sdk */ = {
			isa = PBXGroup;
			children = (
				FD5B038A15A572430027C3E6 /* SBJsonWriter.h */,
				FD5B038A15A572430027C3E5 /* SBJsonParser.h */,
				FD5B038A15A572430027C3E4 /* SBJsonBase.h */,
				FD5B038A15A572430027C3E3 /* SBJSON.h */,
				FD5B038A15A572430027C3E2 /* NSString+SBJSON.h */,
				FD5B038A15A572430027C3E1 /* NSObject+SBJSON.h */,
				FD5B038A15A572430027C3DF /* libfacebook_ios_sdk.a */,
				FD5B038A15A572430027C3DE /* JSON.h */,
				FD5B038A15A572430027C3DD /* FBRequest.h */,
				FD5B038A15A572430027C3DC /* FBLoginDialog.h */,
				FD5B038A15A572430027C3DB /* FBFrictionlessRequestSettings.h */,
				FD5B038A15A572430027C3DA /* FBDialog.h */,
				FD5B038A15A572430027C3D1 /* FBConnect.h */,
				FD5B038A15A572430027C3D0 /* Facebook.h */,
				FD5B038A15A572430027C3D2 /* FBDialog.bundle */,
			);
			path = "facebook-ios-sdk";
			sourceTree = "<group>";
		};
		FD5B038A15A572430027C3D2 /* FBDialog.bundle */ = {
			isa = PBXGroup;
			children = (
				FD5B038A15A572430027C3D3 /* images */,
			);
			path = FBDialog.bundle;
			sourceTree = "<group>";
		};
		FD5B038A15A572430027C3D3 /* images */ = {
			isa = PBXGroup;
			children = (
				FD5B038A15A572430027C3D8 /* fbicon.png */,
				FD5B038A15A572430027C3D6 /* close@2x.png */,
				FD5B038A15A572430027C3D4 /* close.png */,
			);
			path = images;
			sourceTree = "<group>";
		};
/* End PBXGroup section */

/* Begin PBXNativeTarget section */
		A008BB88F497627041CE9D62 /* Unit3.1 */ = {
			isa = PBXNativeTarget;
			buildConfigurationList = A008BB88F497627041CE9D63 /* Build configuration list for PBXNativeTarget "Unit3.1" */;
			buildPhases = (
				A008BB88F497627041CE9D66 /* Sources */,
				A008BB88F497627041CE9D67 /* Frameworks */,
				A008BB88F497627041CE9D68 /* Resources */,
			);
			buildRules = (
			);
			dependencies = (
			);
			name = Unit3.1;
			productName = Unit3.1;
			productReference = A008BB88F497627041CE9D61 /* Unit3.1.app */;
			productType = "com.apple.product-type.application";
		};
/* End PBXNativeTarget section */

/* Begin PBXProject section */
		A008BB88F497627041CE9D5B /* Project object */ = {
			isa = PBXProject;
			buildConfigurationList = A008BB88F497627041CE9D5C /* Build configuration list for PBXProject "Unit3.1" */;
			compatibilityVersion = "Xcode 3.2";
			developmentRegion = English;
			hasScannedForEncodings = 0;
			knownRegions = (
				en,
			);
			mainGroup = A008BB88F497627041CE9D5D;
			productRefGroup = A008BB88F497627041CE9D5E /* Products */;
			projectDirPath = "";
			projectRoot = "";
			targets = (
				A008BB88F497627041CE9D62 /* Unit3.1 */,
			);
		};
/* End PBXProject section */

/* Begin PBXResourcesBuildPhase section */
		A008BB88F497627041CE9D68 /* Resources */ = {
			isa = PBXResourcesBuildPhase;
			buildActionMask = 2147483647;
			files = (
				A008BB88F497627041CE9D75 /* InfoPlist.strings in Resources */,
				FD5B038A15A572430027C39E /* LoginNormal.png in Resources */,
				FD5B038A15A572430027C3A0 /* LoginNormal@2x.png in Resources */,
				FD5B038A15A572430027C3A2 /* LoginPressed.png in Resources */,
				FD5B038A15A572430027C3A4 /* LoginPressed@2x.png in Resources */,
				FD5B038A15A572430027C3A6 /* LoginWithFacebookNormal.png in Resources */,
				FD5B038A15A572430027C3A8 /* LoginWithFacebookNormal@2x.png in Resources */,
				FD5B038A15A572430027C3AA /* LoginWithFacebookPressed.png in Resources */,
				FD5B038A15A572430027C3AC /* LoginWithFacebookPressed@2x.png in Resources */,
				FD5B038A15A572430027C3AE /* LogoutNormal.png in Resources */,
				FD5B038A15A572430027C3B0 /* LogoutNormal@2x.png in Resources */,
				FD5B038A15A572430027C3B2 /* LogoutPressed.png in Resources */,
				FD5B038A15A572430027C3B4 /* LogoutPressed@2x.png in Resources */,
				FD5B038A15A572430027C3B6 /* runaround_image.jpg in Resources */,
				FD5B038A15A572430027C3D5 /* close.png in Resources */,
				FD5B038A15A572430027C3D7 /* close@2x.png in Resources */,
				FD5B038A15A572430027C3D9 /* fbicon.png in Resources */,
			);
			runOnlyForDeploymentPostprocessing = 0;
		};
/* End PBXResourcesBuildPhase section */

/* Begin PBXSourcesBuildPhase section */
		A008BB88F497627041CE9D66 /* Sources */ = {
			isa = PBXSourcesBuildPhase;
			buildActionMask = 2147483647;
			files = (
				A008BB88F497627041CE9D77 /* main.m in Sources */,
				A008BB88F497627041CE9D7B /* AppDelegate.m in Sources */,
				FD5B038A15A572430027C377 /* ViewController1.m in Sources */,
				FD5B038A15A572430027C37A /* ViewController2.m in Sources */,
				FD5B038A15A572430027C380 /* TopMenuController.m in Sources */,
				FD5B038A15A572430027C383 /* TopPageViewController.m in Sources */,
			);
			runOnlyForDeploymentPostprocessing = 0;
		};
/* End PBXSourcesBuildPhase section */

/* Begin PBXVariantGroup section */
		A008BB88F497627041CE9D74 /* InfoPlist.strings */ = {
			isa = PBXVariantGroup;
			children = (
				A008BB88F497627041CE9D73 /* en */,
			);
			name = InfoPlist.strings;
			sourceTree = "<group>";
		};
/* End PBXVariantGroup section */

/* Begin XCBuildConfiguration section */
		A008BB88F497627041CE9D5F /* Release */ = {
			isa = XCBuildConfiguration;
			buildSettings = {
				ALWAYS_SEARCH_USER_PATHS = NO;
				ARCHS = "$(ARCHS_STANDARD_32_BIT)";
				CLANG_ENABLE_OBJC_ARC = YES;
				"CODE_SIGN_IDENTITY[sdk=iphoneos*]" = "iPhone Developer";
				COPY_PHASE_STRIP = YES;
				GCC_C_LANGUAGE_STANDARD = gnu99;
				GCC_VERSION = com.apple.compilers.llvm.clang.1_0;
				GCC_WARN_ABOUT_RETURN_TYPE = YES;
				GCC_WARN_UNINITIALIZED_AUTOS = YES;
				GCC_WARN_UNUSED_VARIABLE = YES;
				IPHONEOS_DEPLOYMENT_TARGET = 5.1;
				OTHER_CFLAGS = "-DNS_BLOCK_ASSERTIONS=1";
				SDKROOT = iphoneos;
				VALIDATE_PRODUCT = YES;
			};
			name = Release;
		};
		A008BB88F497627041CE9D60 /* Debug */ = {
			isa = XCBuildConfiguration;
			buildSettings = {
				ALWAYS_SEARCH_USER_PATHS = NO;
				ARCHS = "$(ARCHS_STANDARD_32_BIT)";
				CLANG_ENABLE_OBJC_ARC = YES;
				"CODE_SIGN_IDENTITY[sdk=iphoneos*]" = "iPhone Developer";
				COPY_PHASE_STRIP = NO;
				GCC_C_LANGUAGE_STANDARD = gnu99;
				GCC_DYNAMIC_NO_PIC = NO;
				GCC_OPTIMIZATION_LEVEL = 0;
				GCC_PREPROCESSOR_DEFINITIONS = (
					"DEBUG=1",
					"$(inherited)",
				);
				GCC_SYMBOLS_PRIVATE_EXTERN = NO;
				GCC_VERSION = com.apple.compilers.llvm.clang.1_0;
				GCC_WARN_ABOUT_RETURN_TYPE = YES;
				GCC_WARN_UNINITIALIZED_AUTOS = YES;
				GCC_WARN_UNUSED_VARIABLE = YES;
				IPHONEOS_DEPLOYMENT_TARGET = 5.1;
				SDKROOT = iphoneos;
			};
			name = Debug;
		};
		A008BB88F497627041CE9D64 /* Release */ = {
			isa = XCBuildConfiguration;
			buildSettings = {
				GCC_PRECOMPILE_PREFIX_HEADER = YES;
				GCC_PREFIX_HEADER = "Unit3.1/Unit3.1-Prefix.pch";
				INFOPLIST_FILE = "Unit3.1/Unit3.1-Info.plist";
				LIBRARY_SEARCH_PATHS = (
					"\"${PROJECT_DIR}/facebook-ios-sdk/**",
					"\"${PROJECT_DIR}/facebook-ios-sdk/facebook-ios-sdk/**",
					"\"${PROJECT_DIR}/facebook-ios-sdk/**",
				);
				PRODUCT_NAME = "$(TARGET_NAME)";
				WRAPPER_EXTENSION = app;
			};
			name = Release;
		};
		A008BB88F497627041CE9D65 /* Debug */ = {
			isa = XCBuildConfiguration;
			buildSettings = {
				GCC_PRECOMPILE_PREFIX_HEADER = YES;
				GCC_PREFIX_HEADER = "Unit3.1/Unit3.1-Prefix.pch";
				INFOPLIST_FILE = "Unit3.1/Unit3.1-Info.plist";
				LIBRARY_SEARCH_PATHS = (
					"\"${PROJECT_DIR}/facebook-ios-sdk/**",
					"\"${PROJECT_DIR}/facebook-ios-sdk/facebook-ios-sdk/**",
					"\"${PROJECT_DIR}/facebook-ios-sdk/**",
				);
				PRODUCT_NAME = "$(TARGET_NAME)";
				WRAPPER_EXTENSION = app;
			};
			name = Debug;
		};
/* End XCBuildConfiguration section */

/* Begin XCConfigurationList section */
		A008BB88F497627041CE9D5C /* Build configuration list for PBXProject "Unit3.1" */ = {
			isa = XCConfigurationList;
			buildConfigurations = (
				A008BB88F497627041CE9D5F /* Release */,
				A008BB88F497627041CE9D60 /* Debug */,
			);
			defaultConfigurationIsVisible = 0;
			defaultConfigurationName = Release;
		};
		A008BB88F497627041CE9D63 /* Build configuration list for PBXNativeTarget "Unit3.1" */ = {
			isa = XCConfigurationList;
			buildConfigurations = (
				A008BB88F497627041CE9D64 /* Release */,
				A008BB88F497627041CE9D65 /* Debug */,
			);
			defaultConfigurationIsVisible = 0;
			defaultConfigurationName = Release;
		};
/* End XCConfigurationList section */
	};
	rootObject = A008BB88F497627041CE9D5B /* Project object */;
}
